
Microsoft Visual Studio Solution File, Format Version 12.00
# Visual Studio 15
Project("{FAE04EC0-301F-11D3-BF4B-00C04F79EFBC}") = "FileGeneratorApp", "fileGeneratorApp\fileGeneratorApp.csproj", "{E4183AF0-74DF-4BCB-B594-7E5206256AD0}"
EndProject
Project("{FAE04EC0-301F-11D3-BF4B-00C04F79EFBC}") = "FileUtil", "FileUtil\FileUtil.csproj", "{533AD2DB-4E44-498C-8F3D-0FA7A3B35749}"
EndProject
Project("{FAE04EC0-301F-11D3-BF4B-00C04F79EFBC}") = "Test.FileGenerator", "Test\Test.FileGenerator\Test.FileGenerator.csproj", "{0CAC2790-A6F0-45A8-B701-BAEFE2CA885A}"
EndProject
Project("{2150E333-8FDC-42A3-9474-1A3956D46DE8}") = "App", "App", "{D6E7E3FB-08CC-405E-92F9-D425303C8E48}"
EndProject
Project("{2150E333-8FDC-42A3-9474-1A3956D46DE8}") = "IO", "IO", "{D03A7DE5-D363-4223-B4F1-8AB0840A3B24}"
EndProject
Project("{2150E333-8FDC-42A3-9474-1A3956D46DE8}") = "Tests", "Tests", "{3BB5DC33-55E1-402E-ABFC-85A3611FC566}"
EndProject
Project("{2150E333-8FDC-42A3-9474-1A3956D46DE8}") = "Crawler", "Crawler", "{CD33885C-F062-477C-A57D-FF4A55DEB043}"
EndProject
Project("{FAE04EC0-301F-11D3-BF4B-00C04F79EFBC}") = "CrawlerCore", "Crawler\CrawlerCore\CrawlerCore.csproj", "{599C4397-BF76-4134-82A2-EA320EDDB1E7}"
EndProject
Project("{FAE04EC0-301F-11D3-BF4B-00C04F79EFBC}") = "ByteCounterCrawler", "Crawler\ByteCounterCrawler\ByteCounterCrawler.csproj", "{34ADEE1E-9D7A-42C7-B0D6-7CFD8DD63D4E}"
EndProject
Project("{FAE04EC0-301F-11D3-BF4B-00C04F79EFBC}") = "TextGeneratorCrawler", "Crawler\TextGeneratorCrawler\TextGeneratorCrawler.csproj", "{17D8EEFB-783D-4FD7-8412-C67C08EF0D4D}"
EndProject
Project("{FAE04EC0-301F-11D3-BF4B-00C04F79EFBC}") = "Test.ByteCounter", "Test\Test.ByteCounter\Test.ByteCounter.csproj", "{FC40B584-4E23-4E92-8C4B-B0D54F2432FE}"
EndProject
Project("{FAE04EC0-301F-11D3-BF4B-00C04F79EFBC}") = "Test.TextGenerator", "Test\Test.TextGenerator\Test.TextGenerator.csproj", "{1A87BB61-0600-4614-8156-B2503532F86B}"
EndProject
Global
	GlobalSection(SolutionConfigurationPlatforms) = preSolution
		Debug|Any CPU = Debug|Any CPU
		Release|Any CPU = Release|Any CPU
	EndGlobalSection
	GlobalSection(ProjectConfigurationPlatforms) = postSolution
		{E4183AF0-74DF-4BCB-B594-7E5206256AD0}.Debug|Any CPU.ActiveCfg = Debug|Any CPU
		{E4183AF0-74DF-4BCB-B594-7E5206256AD0}.Debug|Any CPU.Build.0 = Debug|Any CPU
		{E4183AF0-74DF-4BCB-B594-7E5206256AD0}.Release|Any CPU.ActiveCfg = Release|Any CPU
		{E4183AF0-74DF-4BCB-B594-7E5206256AD0}.Release|Any CPU.Build.0 = Release|Any CPU
		{533AD2DB-4E44-498C-8F3D-0FA7A3B35749}.Debug|Any CPU.ActiveCfg = Debug|Any CPU
		{533AD2DB-4E44-498C-8F3D-0FA7A3B35749}.Debug|Any CPU.Build.0 = Debug|Any CPU
		{533AD2DB-4E44-498C-8F3D-0FA7A3B35749}.Release|Any CPU.ActiveCfg = Release|Any CPU
		{533AD2DB-4E44-498C-8F3D-0FA7A3B35749}.Release|Any CPU.Build.0 = Release|Any CPU
		{0CAC2790-A6F0-45A8-B701-BAEFE2CA885A}.Debug|Any CPU.ActiveCfg = Debug|Any CPU
		{0CAC2790-A6F0-45A8-B701-BAEFE2CA885A}.Debug|Any CPU.Build.0 = Debug|Any CPU
		{0CAC2790-A6F0-45A8-B701-BAEFE2CA885A}.Release|Any CPU.ActiveCfg = Release|Any CPU
		{0CAC2790-A6F0-45A8-B701-BAEFE2CA885A}.Release|Any CPU.Build.0 = Release|Any CPU
		{599C4397-BF76-4134-82A2-EA320EDDB1E7}.Debug|Any CPU.ActiveCfg = Debug|Any CPU
		{599C4397-BF76-4134-82A2-EA320EDDB1E7}.Debug|Any CPU.Build.0 = Debug|Any CPU
		{599C4397-BF76-4134-82A2-EA320EDDB1E7}.Release|Any CPU.ActiveCfg = Release|Any CPU
		{599C4397-BF76-4134-82A2-EA320EDDB1E7}.Release|Any CPU.Build.0 = Release|Any CPU
		{34ADEE1E-9D7A-42C7-B0D6-7CFD8DD63D4E}.Debug|Any CPU.ActiveCfg = Debug|Any CPU
		{34ADEE1E-9D7A-42C7-B0D6-7CFD8DD63D4E}.Debug|Any CPU.Build.0 = Debug|Any CPU
		{34ADEE1E-9D7A-42C7-B0D6-7CFD8DD63D4E}.Release|Any CPU.ActiveCfg = Release|Any CPU
		{34ADEE1E-9D7A-42C7-B0D6-7CFD8DD63D4E}.Release|Any CPU.Build.0 = Release|Any CPU
		{17D8EEFB-783D-4FD7-8412-C67C08EF0D4D}.Debug|Any CPU.ActiveCfg = Debug|Any CPU
		{17D8EEFB-783D-4FD7-8412-C67C08EF0D4D}.Debug|Any CPU.Build.0 = Debug|Any CPU
		{17D8EEFB-783D-4FD7-8412-C67C08EF0D4D}.Release|Any CPU.ActiveCfg = Release|Any CPU
		{17D8EEFB-783D-4FD7-8412-C67C08EF0D4D}.Release|Any CPU.Build.0 = Release|Any CPU
		{FC40B584-4E23-4E92-8C4B-B0D54F2432FE}.Debug|Any CPU.ActiveCfg = Debug|Any CPU
		{FC40B584-4E23-4E92-8C4B-B0D54F2432FE}.Debug|Any CPU.Build.0 = Debug|Any CPU
		{FC40B584-4E23-4E92-8C4B-B0D54F2432FE}.Release|Any CPU.ActiveCfg = Release|Any CPU
		{FC40B584-4E23-4E92-8C4B-B0D54F2432FE}.Release|Any CPU.Build.0 = Release|Any CPU
		{1A87BB61-0600-4614-8156-B2503532F86B}.Debug|Any CPU.ActiveCfg = Debug|Any CPU
		{1A87BB61-0600-4614-8156-B2503532F86B}.Debug|Any CPU.Build.0 = Debug|Any CPU
		{1A87BB61-0600-4614-8156-B2503532F86B}.Release|Any CPU.ActiveCfg = Release|Any CPU
		{1A87BB61-0600-4614-8156-B2503532F86B}.Release|Any CPU.Build.0 = Release|Any CPU
	EndGlobalSection
	GlobalSection(NestedProjects) = preSolution
		{E4183AF0-74DF-4BCB-B594-7E5206256AD0} = {D6E7E3FB-08CC-405E-92F9-D425303C8E48}
		{533AD2DB-4E44-498C-8F3D-0FA7A3B35749} = {D03A7DE5-D363-4223-B4F1-8AB0840A3B24}
		{0CAC2790-A6F0-45A8-B701-BAEFE2CA885A} = {3BB5DC33-55E1-402E-ABFC-85A3611FC566}
		{599C4397-BF76-4134-82A2-EA320EDDB1E7} = {CD33885C-F062-477C-A57D-FF4A55DEB043}
		{34ADEE1E-9D7A-42C7-B0D6-7CFD8DD63D4E} = {CD33885C-F062-477C-A57D-FF4A55DEB043}
		{17D8EEFB-783D-4FD7-8412-C67C08EF0D4D} = {CD33885C-F062-477C-A57D-FF4A55DEB043}
		{FC40B584-4E23-4E92-8C4B-B0D54F2432FE} = {3BB5DC33-55E1-402E-ABFC-85A3611FC566}
		{1A87BB61-0600-4614-8156-B2503532F86B} = {3BB5DC33-55E1-402E-ABFC-85A3611FC566}
	EndGlobalSection
EndGlobal
